
Microsoft Visual Studio Solution File, Format Version 11.00
# Visual Studio 2010
Project("{FAE04EC0-301F-11D3-BF4B-00C04F79EFBC}") = "Assembly-CSharp", "Assembly-CSharp.csproj", "{db198eaa-fc35-5edc-25cd-7e32d9c57d84}"
EndProject
Project("{FAE04EC0-301F-11D3-BF4B-00C04F79EFBC}") = "Assembly-CSharp-Editor", "Assembly-CSharp-Editor.csproj", "{b2fb0630-00f1-510c-8708-cec17a6a5389}"
EndProject
Global
	GlobalSection(SolutionConfigurationPlatforms) = preSolution
		Debug|Any CPU = Debug|Any CPU
	EndGlobalSection
	GlobalSection(ProjectConfigurationPlatforms) = postSolution
		{db198eaa-fc35-5edc-25cd-7e32d9c57d84}.Debug|Any CPU.ActiveCfg = Debug|Any CPU
		{db198eaa-fc35-5edc-25cd-7e32d9c57d84}.Debug|Any CPU.Build.0 = Debug|Any CPU
		{b2fb0630-00f1-510c-8708-cec17a6a5389}.Debug|Any CPU.ActiveCfg = Debug|Any CPU
		{b2fb0630-00f1-510c-8708-cec17a6a5389}.Debug|Any CPU.Build.0 = Debug|Any CPU
	EndGlobalSection
	GlobalSection(SolutionProperties) = preSolution
		HideSolutionNode = FALSE
	EndGlobalSection
EndGlobal
